{
  "requires": true,
  "lockfileVersion": 1,
  "dependencies": {
    "@angular/animations": {
      "version": "11.0.2",
      "resolved": "https://registry.npmjs.org/@angular/animations/-/animations-11.0.2.tgz",
      "integrity": "sha512-uF/RlBY1rznbuw+1lm8Q2HKDrBOQQ2Bi2cUPuef+ALn+lxGl501eHlE+PTtBjDEzJcJPfd4pE3Ww3+3Il+D+Tw==",
      "requires": {
        "tslib": "^2.0.0"
      }
    },
    "@angular/cdk": {
      "version": "11.0.1",
      "resolved": "https://registry.npmjs.org/@angular/cdk/-/cdk-11.0.1.tgz",
      "integrity": "sha512-PkOaIZWG9RQRmvw/6LxTM4nti5qzmhAKj6G9un5D/izO0gAyCzGgPzdqf3ZSW/rYz2nUVicdBvk+w0rRgcj1iw==",
      "requires": {
        "parse5": "^5.0.0",
        "tslib": "^2.0.0"
      }
    },
    "@angular/material": {
      "version": "11.0.1",
      "resolved": "https://registry.npmjs.org/@angular/material/-/material-11.0.1.tgz",
      "integrity": "sha512-FcGIKgFouA9QHwfbWCj8140gMTEgXV3n/yiYsc4Y8VkMIpEmQQnjoOnf5FRIm0ajTQT4qs6uVyB4opJWoHn/pg==",
      "requires": {
        "tslib": "^2.0.0"
      }
    },
    "ngx-cookie-service": {
      "version": "10.1.1",
      "resolved": "https://registry.npmjs.org/ngx-cookie-service/-/ngx-cookie-service-10.1.1.tgz",
      "integrity": "sha512-HvBrYHdxMN1NvFJGEIF/8EuAg2fjxj8QwqTv9h6qZGqNLU+lUba8Pb2zRPw1YA+gqKkJawOy5dYNeH0kyPyipw==",
      "requires": {
        "tslib": "^2.0.0"
      }
    },
    "parse5": {
      "version": "5.1.1",
      "resolved": "https://registry.npmjs.org/parse5/-/parse5-5.1.1.tgz",
      "integrity": "sha512-ugq4DFI0Ptb+WWjAdOK16+u/nHfiIrcE+sh8kZMaM0WllQKLI9rOUq6c2b7cwPkXdzfQESqvoqK6ug7U/Yyzug=="
    },
    "tslib": {
      "version": "2.0.3",
      "resolved": "https://registry.npmjs.org/tslib/-/tslib-2.0.3.tgz",
      "integrity": "sha512-uZtkfKblCEQtZKBF6EBXVZeQNl82yqtDQdv+eck8u7tdPxjLu2/lp5/uPW+um2tpuxINHWy3GhiccY7QgEaVHQ=="
    }
  }
}
